// !$*UTF8*$!
{
	archiveVersion = 1;
	classes = {
	};
	objectVersion = 46;
	objects = {

/* Begin PBXBuildFile section */
		72F754701C7EA28600C50C4F /* main.m in Sources */ = {isa = PBXBuildFile; fileRef = 72F7546F1C7EA28600C50C4F /* main.m */; };
		72F754731C7EA28600C50C4F /* AppDelegate.m in Sources */ = {isa = PBXBuildFile; fileRef = 72F754721C7EA28600C50C4F /* AppDelegate.m */; };
		72F754761C7EA28600C50C4F /* ViewController.m in Sources */ = {isa = PBXBuildFile; fileRef = 72F754751C7EA28600C50C4F /* ViewController.m */; };
		72F754791C7EA28600C50C4F /* Main.storyboard in Resources */ = {isa = PBXBuildFile; fileRef = 72F754771C7EA28600C50C4F /* Main.storyboard */; };
		72F7547B1C7EA28600C50C4F /* Assets.xcassets in Resources */ = {isa = PBXBuildFile; fileRef = 72F7547A1C7EA28600C50C4F /* Assets.xcassets */; };
		72F7547E1C7EA28600C50C4F /* LaunchScreen.storyboard in Resources */ = {isa = PBXBuildFile; fileRef = 72F7547C1C7EA28600C50C4F /* LaunchScreen.storyboard */; };
/* End PBXBuildFile section */

/* Begin PBXFileReference section */
		72F7546B1C7EA28600C50C4F /* KeyWindowDemo.app */ = {isa = PBXFileReference; explicitFileType = wrapper.application; includeInIndex = 0; path = KeyWindowDemo.app; sourceTree = BUILT_PRODUCTS_DIR; };
		72F7546F1C7EA28600C50C4F /* main.m */ = {isa = PBXFileReference; lastKnownFileType = sourcecode.c.objc; path = main.m; sourceTree = "<group>"; };
		72F754711C7EA28600C50C4F /* AppDelegate.h */ = {isa = PBXFileReference; lastKnownFileType = sourcecode.c.h; path = AppDelegate.h; sourceTree = "<group>"; };
		72F754721C7EA28600C50C4F /* AppDelegate.m */ = {isa = PBXFileReference; lastKnownFileType = sourcecode.c.objc; path = AppDelegate.m; sourceTree = "<group>"; };
		72F754741C7EA28600C50C4F /* ViewController.h */ = {isa = PBXFileReference; lastKnownFileType = sourcecode.c.h; path = ViewController.h; sourceTree = "<group>"; };
		72F754751C7EA28600C50C4F /* ViewController.m */ = {isa = PBXFileReference; lastKnownFileType = sourcecode.c.objc; path = ViewController.m; sourceTree = "<group>"; };
		72F754781C7EA28600C50C4F /* Base */ = {isa = PBXFileReference; lastKnownFileType = file.storyboard; name = Base; path = Base.lproj/Main.storyboard; sourceTree = "<group>"; };
		72F7547A1C7EA28600C50C4F /* Assets.xcassets */ = {isa = PBXFileReference; lastKnownFileType = folder.assetcatalog; path = Assets.xcassets; sourceTree = "<group>"; };
		72F7547D1C7EA28600C50C4F /* Base */ = {isa = PBXFileReference; lastKnownFileType = file.storyboard; name = Base; path = Base.lproj/LaunchScreen.storyboard; sourceTree = "<group>"; };
		72F7547F1C7EA28600C50C4F /* Info.plist */ = {isa = PBXFileReference; lastKnownFileType = text.plist.xml; path = Info.plist; sourceTree = "<group>"; };
/* End PBXFileReference section */

/* Begin PBXFrameworksBuildPhase section */
		72F754681C7EA28500C50C4F /* Frameworks */ = {
			isa = PBXFrameworksBuildPhase;
			buildActionMask = 2147483647;
			files = (
			);
			runOnlyForDeploymentPostprocessing = 0;
		};
/* End PBXFrameworksBuildPhase section */

/* Begin PBXGroup section */
		72F754621C7EA28500C50C4F = {
			isa = PBXGroup;
			children = (
				72F7546D1C7EA28600C50C4F /* KeyWindowDemo */,
				72F7546C1C7EA28600C50C4F /* Products */,
			);
			sourceTree = "<group>";
		};
		72F7546C1C7EA28600C50C4F /* Products */ = {
			isa = PBXGroup;
			children = (
				72F7546B1C7EA28600C50C4F /* KeyWindowDemo.app */,
			);
			name = Products;
			sourceTree = "<group>";
		};
		72F7546D1C7EA28600C50C4F /* KeyWindowDemo */ = {
			isa = PBXGroup;
			children = (
				72F754711C7EA28600C50C4F /* AppDelegate.h */,
				72F754721C7EA28600C50C4F /* AppDelegate.m */,
				72F754741C7EA28600C50C4F /* ViewController.h */,
				72F754751C7EA28600C50C4F /* ViewController.m */,
				72F754771C7EA28600C50C4F /* Main.storyboard */,
				72F7547A1C7EA28600C50C4F /* Assets.xcassets */,
				72F7547C1C7EA28600C50C4F /* LaunchScreen.storyboard */,
				72F7547F1C7EA28600C50C4F /* Info.plist */,
				72F7546E1C7EA28600C50C4F /* Supporting Files */,
			);
			path = KeyWindowDemo;
			sourceTree = "<group>";
		};
		72F7546E1C7EA28600C50C4F /* Supporting Files */ = {
			isa = PBXGroup;
			children = (
				72F7546F1C7EA28600C50C4F /* main.m */,
			);
			name = "Supporting Files";
			sourceTree = "<group>";
		};
/* End PBXGroup section */

/* Begin PBXNativeTarget section */
		72F7546A1C7EA28500C50C4F /* KeyWindowDemo */ = {
			isa = PBXNativeTarget;
			buildConfigurationList = 72F754821C7EA28600C50C4F /* Build configuration list for PBXNativeTarget "KeyWindowDemo" */;
			buildPhases = (
				72F754671C7EA28500C50C4F /* Sources */,
				72F754681C7EA28500C50C4F /* Frameworks */,
				72F754691C7EA28500C50C4F /* Resources */,
			);
			buildRules = (
			);
			dependencies = (
			);
			name = KeyWindowDemo;
			productName = KeyWindowDemo;
			productReference = 72F7546B1C7EA28600C50C4F /* KeyWindowDemo.app */;
			productType = "com.apple.product-type.application";
		};
/* End PBXNativeTarget section */

/* Begin PBXProject section */
		72F754631C7EA28500C50C4F /* Project object */ = {
			isa = PBXProject;
			attributes = {
				LastUpgradeCheck = 0720;
				ORGANIZATIONNAME = ranwenjie;
				TargetAttributes = {
					72F7546A1C7EA28500C50C4F = {
						CreatedOnToolsVersion = 7.2;
					};
				};
			};
			buildConfigurationList = 72F754661C7EA28500C50C4F /* Build configuration list for PBXProject "KeyWindowDemo" */;
			compatibilityVersion = "Xcode 3.2";
			developmentRegion = English;
			hasScannedForEncodings = 0;
			knownRegions = (
				en,
				Base,
			);
			mainGroup = 72F754621C7EA28500C50C4F;
			productRefGroup = 72F7546C1C7EA28600C50C4F /* Products */;
			projectDirPath = "";
			projectRoot = "";
			targets = (
				72F7546A1C7EA28500C50C4F /* KeyWindowDemo */,
			);
		};
/* End PBXProject section */

/* Begin PBXResourcesBuildPhase section */
		72F754691C7EA28500C50C4F /* Resources */ = {
			isa = PBXResourcesBuildPhase;
			buildActionMask = 2147483647;
			files = (
				72F7547E1C7EA28600C50C4F /* LaunchScreen.storyboard in Resources */,
				72F7547B1C7EA28600C50C4F /* Assets.xcassets in Resources */,
				72F754791C7EA28600C50C4F /* Main.storyboard in Resources */,
			);
			runOnlyForDeploymentPostprocessing = 0;
		};
/* End PBXResourcesBuildPhase section */

/* Begin PBXSourcesBuildPhase section */
		72F754671C7EA28500C50C4F /* Sources */ = {
			isa = PBXSourcesBuildPhase;
			buildActionMask = 2147483647;
			files = (
				72F754761C7EA28600C50C4F /* ViewController.m in Sources */,
				72F754731C7EA28600C50C4F /* AppDelegate.m in Sources */,
				72F754701C7EA28600C50C4F /* main.m in Sources */,
			);
			runOnlyForDeploymentPostprocessing = 0;
		};
/* End PBXSourcesBuildPhase section */

/* Begin PBXVariantGroup section */
		72F754771C7EA28600C50C4F /* Main.storyboard */ = {
			isa = PBXVariantGroup;
			children = (
				72F754781C7EA28600C50C4F /* Base */,
			);
			name = Main.storyboard;
			sourceTree = "<group>";
		};
		72F7547C1C7EA28600C50C4F /* LaunchScreen.storyboard */ = {
			isa = PBXVariantGroup;
			children = (
				72F7547D1C7EA28600C50C4F /* Base */,
			);
			name = LaunchScreen.storyboard;
			sourceTree = "<group>";
		};
/* End PBXVariantGroup section */

/* Begin XCBuildConfiguration section */
		72F754801C7EA28600C50C4F /* Debug */ = {
			isa = XCBuildConfiguration;
			buildSettings = {
				ALWAYS_SEARCH_USER_PATHS = NO;
				CLANG_CXX_LANGUAGE_STANDARD = "gnu++0x";
				CLANG_CXX_LIBRARY = "libc++";
				CLANG_ENABLE_MODULES = YES;
				CLANG_ENABLE_OBJC_ARC = YES;
				CLANG_WARN_BOOL_CONVERSION = YES;
				CLANG_WARN_CONSTANT_CONVERSION = YES;
				CLANG_WARN_DIRECT_OBJC_ISA_USAGE = YES_ERROR;
				CLANG_WARN_EMPTY_BODY = YES;
				CLANG_WARN_ENUM_CONVERSION = YES;
				CLANG_WARN_INT_CONVERSION = YES;
				CLANG_WARN_OBJC_ROOT_CLASS = YES_ERROR;
				CLANG_WARN_UNREACHABLE_CODE = YES;
				CLANG_WARN__DUPLICATE_METHOD_MATCH = YES;
				"CODE_SIGN_IDENTITY[sdk=iphoneos*]" = "iPhone Developer";
				COPY_PHASE_STRIP = NO;
				DEBUG_INFORMATION_FORMAT = dwarf;
				ENABLE_STRICT_OBJC_MSGSEND = YES;
				ENABLE_TESTABILITY = YES;
				GCC_C_LANGUAGE_STANDARD = gnu99;
				GCC_DYNAMIC_NO_PIC = NO;
				GCC_NO_COMMON_BLOCKS = YES;
				GCC_OPTIMIZATION_LEVEL = 0;
				GCC_PREPROCESSOR_DEFINITIONS = (
					"DEBUG=1",
					"$(inherited)",
				);
				GCC_WARN_64_TO_32_BIT_CONVERSION = YES;
				GCC_WARN_ABOUT_RETURN_TYPE = YES_ERROR;
				GCC_WARN_UNDECLARED_SELECTOR = YES;
				GCC_WARN_UNINITIALIZED_AUTOS = YES_AGGRESSIVE;
				GCC_WARN_UNUSED_FUNCTION = YES;
				GCC_WARN_UNUSED_VARIABLE = YES;
				IPHONEOS_DEPLOYMENT_TARGET = 9.2;
				MTL_ENABLE_DEBUG_INFO = YES;
				ONLY_ACTIVE_ARCH = YES;
				SDKROOT = iphoneos;
			};
			name = Debug;
		};
		72F754811C7EA28600C50C4F /* Release */ = {
			isa = XCBuildConfiguration;
			buildSettings = {
				ALWAYS_SEARCH_USER_PATHS = NO;
				CLANG_CXX_LANGUAGE_STANDARD = "gnu++0x";
				CLANG_CXX_LIBRARY = "libc++";
				CLANG_ENABLE_MODULES = YES;
				CLANG_ENABLE_OBJC_ARC = YES;
				CLANG_WARN_BOOL_CONVERSION = YES;
				CLANG_WARN_CONSTANT_CONVERSION = YES;
				CLANG_WARN_DIRECT_OBJC_ISA_USAGE = YES_ERROR;
				CLANG_WARN_EMPTY_BODY = YES;
				CLANG_WARN_ENUM_CONVERSION = YES;
				CLANG_WARN_INT_CONVERSION = YES;
				CLANG_WARN_OBJC_ROOT_CLASS = YES_ERROR;
				CLANG_WARN_UNREACHABLE_CODE = YES;
				CLANG_WARN__DUPLICATE_METHOD_MATCH = YES;
				"CODE_SIGN_IDENTITY[sdk=iphoneos*]" = "iPhone Developer";
				COPY_PHASE_STRIP = NO;
				DEBUG_INFORMATION_FORMAT = "dwarf-with-dsym";
				ENABLE_NS_ASSERTIONS = NO;
				ENABLE_STRICT_OBJC_MSGSEND = YES;
				GCC_C_LANGUAGE_STANDARD = gnu99;
				GCC_NO_COMMON_BLOCKS = YES;
				GCC_WARN_64_TO_32_BIT_CONVERSION = YES;
				GCC_WARN_ABOUT_RETURN_TYPE = YES_ERROR;
				GCC_WARN_UNDECLARED_SELECTOR = YES;
				GCC_WARN_UNINITIALIZED_AUTOS = YES_AGGRESSIVE;
				GCC_WARN_UNUSED_FUNCTION = YES;
				GCC_WARN_UNUSED_VARIABLE = YES;
				IPHONEOS_DEPLOYMENT_TARGET = 9.2;
				MTL_ENABLE_DEBUG_INFO = NO;
				SDKROOT = iphoneos;
				VALIDATE_PRODUCT = YES;
			};
			name = Release;
		};
		72F754831C7EA28600C50C4F /* Debug */ = {
			isa = XCBuildConfiguration;
			buildSettings = {
				ASSETCATALOG_COMPILER_APPICON_NAME = AppIcon;
				INFOPLIST_FILE = KeyWindowDemo/Info.plist;
				IPHONEOS_DEPLOYMENT_TARGET = 8.0;
				LD_RUNPATH_SEARCH_PATHS = "$(inherited) @executable_path/Frameworks";
				PRODUCT_BUNDLE_IDENTIFIER = com.nonstriater.KeyWindowDemo;
				PRODUCT_NAME = "$(TARGET_NAME)";
			};
			name = Debug;
		};
		72F754841C7EA28600C50C4F /* Release */ = {
			isa = XCBuildConfiguration;
			buildSettings = {
				ASSETCATALOG_COMPILER_APPICON_NAME = AppIcon;
				INFOPLIST_FILE = KeyWindowDemo/Info.plist;
				IPHONEOS_DEPLOYMENT_TARGET = 8.0;
				LD_RUNPATH_SEARCH_PATHS = "$(inherited) @executable_path/Frameworks";
				PRODUCT_BUNDLE_IDENTIFIER = com.nonstriater.KeyWindowDemo;
				PRODUCT_NAME = "$(TARGET_NAME)";
			};
			name = Release;
		};
/* End XCBuildConfiguration section */

/* Begin XCConfigurationList section */
		72F754661C7EA28500C50C4F /* Build configuration list for PBXProject "KeyWindowDemo" */ = {
			isa = XCConfigurationList;
			buildConfigurations = (
				72F754801C7EA28600C50C4F /* Debug */,
				72F754811C7EA28600C50C4F /* Release */,
			);
			defaultConfigurationIsVisible = 0;
			defaultConfigurationName = Release;
		};
		72F754821C7EA28600C50C4F /* Build configuration list for PBXNativeTarget "KeyWindowDemo" */ = {
			isa = XCConfigurationList;
			buildConfigurations = (
				72F754831C7EA28600C50C4F /* Debug */,
				72F754841C7EA28600C50C4F /* Release */,
			);
			defaultConfigurationIsVisible = 0;
		};
/* End XCConfigurationList section */
	};
	rootObject = 72F754631C7EA28500C50C4F /* Project object */;
}
